{
  "name": "dndspellcards",
  "version": "1.0.0",
  "lockfileVersion": 1,
  "requires": true,
  "dependencies": {
    "@types/bootstrap": {
      "version": "4.3.1",
      "resolved": "https://registry.npmjs.org/@types/bootstrap/-/bootstrap-4.3.1.tgz",
      "integrity": "sha512-n7Zv7Y+C98Yv4oqbyqGn3alCvNRCya2xMYzOdVEnmnFlu04MXQk1ntVrBhXzDkiwhZZYNkNfBZn2yhTnEh/mHQ==",
      "requires": {
        "@types/jquery": "*",
        "popper.js": "^1.14.1"
      }
    },
    "@types/bootstrap-select": {
      "version": "1.11.1",
      "resolved": "https://registry.npmjs.org/@types/bootstrap-select/-/bootstrap-select-1.11.1.tgz",
      "integrity": "sha512-ihXOSLbeQHsJAezuwdduhg7OfqvEEEfrrVqFAAmlb/xUhEAttwHT5Uy64epXOnG4E2fXtAQdSxlaetbg8ZJl7Q==",
      "requires": {
        "@types/jquery": "*"
      }
    },
    "@types/datatables.net": {
      "version": "1.10.17",
      "resolved": "https://registry.npmjs.org/@types/datatables.net/-/datatables.net-1.10.17.tgz",
      "integrity": "sha512-vyZkkzmRYIgE7Xu0bb4Icozn1/+P15g/3LxWCyIl8Xe8rw/1SMGoQozwt11qIzUVJwUQagFo6iBrMQjAp5GKuA==",
      "requires": {
        "@types/jquery": "*"
      }
    },
    "@types/jquery": {
      "version": "3.3.31",
      "resolved": "https://registry.npmjs.org/@types/jquery/-/jquery-3.3.31.tgz",
      "integrity": "sha512-Lz4BAJihoFw5nRzKvg4nawXPzutkv7wmfQ5121avptaSIXlDNJCUuxZxX/G+9EVidZGuO0UBlk+YjKbwRKJigg==",
      "requires": {
        "@types/sizzle": "*"
      }
    },
    "@types/knockout": {
      "version": "3.4.66",
      "resolved": "https://registry.npmjs.org/@types/knockout/-/knockout-3.4.66.tgz",
      "integrity": "sha512-UNmyr4mM/y/AvQ6eQmd9v+9/QDZUxiudFb6U/sqIvKlQtAiUO5RM52YRP88CQzYOztxWw0t1feeFIKN3R4Q2Ow=="
    },
    "@types/popper.js": {
      "version": "1.11.0",
      "resolved": "https://registry.npmjs.org/@types/popper.js/-/popper.js-1.11.0.tgz",
      "integrity": "sha512-1SDEDA6VacGAqDOmwbMcJD39bg0sHbM8y6LHOV3CMxyDBRrwTodRyIIj5f4eR/nlgpeyPoG1fKXqbkRmg+5yRg==",
      "requires": {
        "popper.js": "*"
      }
    },
    "@types/sizzle": {
      "version": "2.3.2",
      "resolved": "https://registry.npmjs.org/@types/sizzle/-/sizzle-2.3.2.tgz",
      "integrity": "sha512-7EJYyKTL7tFR8+gDbB6Wwz/arpGa0Mywk1TJbNzKzHtzbwVmY4HR9WqS5VV7dsBUKQmPNr192jHr/VpBluj/hg=="
    },
    "datatables.net": {
      "version": "1.10.19",
      "resolved": "https://registry.npmjs.org/datatables.net/-/datatables.net-1.10.19.tgz",
      "integrity": "sha512-+ljXcI6Pj3PTGy5pesp3E5Dr3x3AV45EZe0o1r0gKENN2gafBKXodVnk2ypKwl2tTmivjxbkiqoWnipTefyBTA==",
      "requires": {
        "jquery": ">=1.7"
      }
    },
    "datatables.net-bs4": {
      "version": "1.10.19",
      "resolved": "https://registry.npmjs.org/datatables.net-bs4/-/datatables.net-bs4-1.10.19.tgz",
      "integrity": "sha512-pgeP17w4aPR7HIxIwuJghfqXULjdg1K6xMUUKDyCERJRSNNK4MRToFfELtIsluLNN555YBK4Kx8nihX5/ZT1Fw==",
      "requires": {
        "datatables.net": "1.10.19",
        "jquery": ">=1.7"
      }
    },
    "jquery": {
      "version": "3.4.1",
      "resolved": "https://registry.npmjs.org/jquery/-/jquery-3.4.1.tgz",
      "integrity": "sha512-36+AdBzCL+y6qjw5Tx7HgzeGCzC81MDDgaUP8ld2zhx58HdqXGoBd+tHdrBMiyjGQs0Hxs/MLZTu/eHNJJuWPw=="
    },
    "popper.js": {
      "version": "1.15.0",
      "resolved": "https://registry.npmjs.org/popper.js/-/popper.js-1.15.0.tgz",
      "integrity": "sha512-w010cY1oCUmI+9KwwlWki+r5jxKfTFDVoadl7MSrIujHU5MJ5OR6HTDj6Xo8aoR/QsA56x8jKjA59qGH4ELtrA=="
    }
  }
}
